// !$*UTF8*$!
{
	archiveVersion = 1;
	classes = {
	};
	objectVersion = 56;
	objects = {

/* Begin PBXBuildFile section */
		7A06F2C82C90012000FF064B /* NFCUtilities.swift in Sources */ = {isa = PBXBuildFile; fileRef = 7A06F2C72C90012000FF064B /* NFCUtilities.swift */; };
		7A1F5F222CAE2A3E00418CB0 /* MitReadData.swift in Sources */ = {isa = PBXBuildFile; fileRef = 7A1F5F212CAE2A3E00418CB0 /* MitReadData.swift */; };
		7A1F5F242CAE2B7A00418CB0 /* TypeNameFormats.swift in Sources */ = {isa = PBXBuildFile; fileRef = 7A1F5F232CAE2B7A00418CB0 /* TypeNameFormats.swift */; };
		7A345ACB2CB7D94000D6ABD3 /* ResultView.swift in Sources */ = {isa = PBXBuildFile; fileRef = 7A345ACA2CB7D94000D6ABD3 /* ResultView.swift */; };
		7A4DB1CF2C89A93800DEEFB4 /* ios_lib_nfc.h in Headers */ = {isa = PBXBuildFile; fileRef = 7A4DB0C52C89824500DEEFB4 /* ios_lib_nfc.h */; settings = {ATTRIBUTES = (Public, ); }; };
		7A6066BF2C914C390037813C /* Extensions.swift in Sources */ = {isa = PBXBuildFile; fileRef = 7A6066BE2C914C390037813C /* Extensions.swift */; };
		7A6066C32C9182BC0037813C /* URIRecordType.swift in Sources */ = {isa = PBXBuildFile; fileRef = 7A6066C22C9182BC0037813C /* URIRecordType.swift */; };
		7A6066C62C91844C0037813C /* WellKnownTypeRecord.swift in Sources */ = {isa = PBXBuildFile; fileRef = 7A6066C52C91844C0037813C /* WellKnownTypeRecord.swift */; };
		7A63233E2C92EB1100519704 /* AppDelegate.swift in Sources */ = {isa = PBXBuildFile; fileRef = 7A63233D2C92EB1100519704 /* AppDelegate.swift */; };
		7A6323402C92EB1100519704 /* SceneDelegate.swift in Sources */ = {isa = PBXBuildFile; fileRef = 7A63233F2C92EB1100519704 /* SceneDelegate.swift */; };
		7A6323452C92EB1100519704 /* Base in Resources */ = {isa = PBXBuildFile; fileRef = 7A6323442C92EB1100519704 /* Base */; };
		7A6323472C92EB1300519704 /* Assets.xcassets in Resources */ = {isa = PBXBuildFile; fileRef = 7A6323462C92EB1300519704 /* Assets.xcassets */; };
		7A63234A2C92EB1300519704 /* Base in Resources */ = {isa = PBXBuildFile; fileRef = 7A6323492C92EB1300519704 /* Base */; };
		7A6323562C92EB3600519704 /* AppDelegate.swift in Sources */ = {isa = PBXBuildFile; fileRef = 7A6323552C92EB3600519704 /* AppDelegate.swift */; };
		7A6323582C92EB3600519704 /* SceneDelegate.swift in Sources */ = {isa = PBXBuildFile; fileRef = 7A6323572C92EB3600519704 /* SceneDelegate.swift */; };
		7A63235D2C92EB3600519704 /* Base in Resources */ = {isa = PBXBuildFile; fileRef = 7A63235C2C92EB3600519704 /* Base */; };
		7A63235F2C92EB3700519704 /* Assets.xcassets in Resources */ = {isa = PBXBuildFile; fileRef = 7A63235E2C92EB3700519704 /* Assets.xcassets */; };
		7A6323622C92EB3700519704 /* Base in Resources */ = {isa = PBXBuildFile; fileRef = 7A6323612C92EB3700519704 /* Base */; };
		7A63236E2C92EBE200519704 /* ViewController.swift in Sources */ = {isa = PBXBuildFile; fileRef = 7A63236A2C92EBE200519704 /* ViewController.swift */; };
		7A6323742C92EBF500519704 /* TextFieldViewController.swift in Sources */ = {isa = PBXBuildFile; fileRef = 7A6323702C92EBF500519704 /* TextFieldViewController.swift */; };
		7A6323752C92EBF500519704 /* ViewController.swift in Sources */ = {isa = PBXBuildFile; fileRef = 7A6323712C92EBF500519704 /* ViewController.swift */; };
		7A6323762C92EBF500519704 /* WriteViewController.swift in Sources */ = {isa = PBXBuildFile; fileRef = 7A6323722C92EBF500519704 /* WriteViewController.swift */; };
		7A6323772C92ED0F00519704 /* ios_lib_nfc.framework in Frameworks */ = {isa = PBXBuildFile; fileRef = 7A4DB0C22C89824500DEEFB4 /* ios_lib_nfc.framework */; };
		7A6323782C92ED0F00519704 /* ios_lib_nfc.framework in Embed Frameworks */ = {isa = PBXBuildFile; fileRef = 7A4DB0C22C89824500DEEFB4 /* ios_lib_nfc.framework */; settings = {ATTRIBUTES = (CodeSignOnCopy, RemoveHeadersOnCopy, ); }; };
		7A63237C2C92ED1300519704 /* ios_lib_nfc.framework in Frameworks */ = {isa = PBXBuildFile; fileRef = 7A4DB0C22C89824500DEEFB4 /* ios_lib_nfc.framework */; };
		7A63237D2C92ED1300519704 /* ios_lib_nfc.framework in Embed Frameworks */ = {isa = PBXBuildFile; fileRef = 7A4DB0C22C89824500DEEFB4 /* ios_lib_nfc.framework */; settings = {ATTRIBUTES = (CodeSignOnCopy, RemoveHeadersOnCopy, ); }; };
		7A6323822C92EFF000519704 /* MitFeliCaReader.swift in Sources */ = {isa = PBXBuildFile; fileRef = 7A6323812C92EFF000519704 /* MitFeliCaReader.swift */; };
		7A7B1AC62CB773D300D0771C /* NFCNDEFReaderSwiftUIApp.swift in Sources */ = {isa = PBXBuildFile; fileRef = 7A7B1AC52CB773D300D0771C /* NFCNDEFReaderSwiftUIApp.swift */; };
		7A7B1AC82CB773D300D0771C /* ContentView.swift in Sources */ = {isa = PBXBuildFile; fileRef = 7A7B1AC72CB773D300D0771C /* ContentView.swift */; };
		7A7B1ACA2CB773D700D0771C /* Assets.xcassets in Resources */ = {isa = PBXBuildFile; fileRef = 7A7B1AC92CB773D700D0771C /* Assets.xcassets */; };
		7A7B1ACD2CB773D700D0771C /* Preview Assets.xcassets in Resources */ = {isa = PBXBuildFile; fileRef = 7A7B1ACC2CB773D700D0771C /* Preview Assets.xcassets */; };
		7A7B1AD22CB7744100D0771C /* WriteView.swift in Sources */ = {isa = PBXBuildFile; fileRef = 7A7B1AD12CB7744100D0771C /* WriteView.swift */; };
		7A7B1AD42CB7744C00D0771C /* ReadView.swift in Sources */ = {isa = PBXBuildFile; fileRef = 7A7B1AD32CB7744C00D0771C /* ReadView.swift */; };
		7A7B1AD62CB78ADC00D0771C /* ios_lib_nfc.framework in Frameworks */ = {isa = PBXBuildFile; fileRef = 7A4DB0C22C89824500DEEFB4 /* ios_lib_nfc.framework */; };
		7A7B1AD72CB78ADC00D0771C /* ios_lib_nfc.framework in Embed Frameworks */ = {isa = PBXBuildFile; fileRef = 7A4DB0C22C89824500DEEFB4 /* ios_lib_nfc.framework */; settings = {ATTRIBUTES = (CodeSignOnCopy, RemoveHeadersOnCopy, ); }; };
		7AB16A4E2C9425FC0099F0DB /* MitNFCTagReader.swift in Sources */ = {isa = PBXBuildFile; fileRef = 7AB16A4D2C9425FC0099F0DB /* MitNFCTagReader.swift */; };
		7AB930992CA50FBD0054DDDC /* NFCMessages.swift in Sources */ = {isa = PBXBuildFile; fileRef = 7AB930982CA50FBD0054DDDC /* NFCMessages.swift */; };
		7ADF04B82CA24818002F2A4E /* ResidenceTag.swift in Sources */ = {isa = PBXBuildFile; fileRef = 7ADF04B72CA24818002F2A4E /* ResidenceTag.swift */; };
		7AEBD3AF2C8ADED5008B1C9D /* MitNDEFReader.swift in Sources */ = {isa = PBXBuildFile; fileRef = 7AEBD3AE2C8ADED5008B1C9D /* MitNDEFReader.swift */; };
		7AEBD3B72C8AE32E008B1C9D /* MitNDEFWrite.swift in Sources */ = {isa = PBXBuildFile; fileRef = 7AEBD3B62C8AE32E008B1C9D /* MitNDEFWrite.swift */; };
		7AEBD3BB2C8AEE25008B1C9D /* MitNDEFBase.swift in Sources */ = {isa = PBXBuildFile; fileRef = 7AEBD3BA2C8AEE25008B1C9D /* MitNDEFBase.swift */; };
		7AEBD3BD2C8AF7F2008B1C9D /* README.md in Resources */ = {isa = PBXBuildFile; fileRef = 7AEBD3BC2C8AF7F2008B1C9D /* README.md */; };
		7AF967242C9BB3080050271B /* MitPayloadBase.swift in Sources */ = {isa = PBXBuildFile; fileRef = 7AF967232C9BB3080050271B /* MitPayloadBase.swift */; };
		7AF967272C9BEEC80050271B /* MitMyNumberReader.swift in Sources */ = {isa = PBXBuildFile; fileRef = 7AF967262C9BEEC80050271B /* MitMyNumberReader.swift */; };
		7AF9672A2C9BF0FE0050271B /* TextRecordWrite.swift in Sources */ = {isa = PBXBuildFile; fileRef = 7AF967292C9BF0FE0050271B /* TextRecordWrite.swift */; };
		7AF9672C2C9BF1130050271B /* URLRecordWrite.swift in Sources */ = {isa = PBXBuildFile; fileRef = 7AF9672B2C9BF1130050271B /* URLRecordWrite.swift */; };
		7AF9672E2C9BF12D0050271B /* URIRecordWrite.swift in Sources */ = {isa = PBXBuildFile; fileRef = 7AF9672D2C9BF12D0050271B /* URIRecordWrite.swift */; };
		7AF967312C9C02C80050271B /* MitResidenceReader.swift in Sources */ = {isa = PBXBuildFile; fileRef = 7AF967302C9C02C80050271B /* MitResidenceReader.swift */; };
		7AF967332C9C0A540050271B /* AppRecordWrite.swift in Sources */ = {isa = PBXBuildFile; fileRef = 7AF967322C9C0A540050271B /* AppRecordWrite.swift */; };
		7AF967382C9C2A2F0050271B /* Localizable.strings in Resources */ = {isa = PBXBuildFile; fileRef = 7AF967362C9C2A2F0050271B /* Localizable.strings */; };
/* End PBXBuildFile section */

/* Begin PBXContainerItemProxy section */
		7A6323792C92ED0F00519704 /* PBXContainerItemProxy */ = {
			isa = PBXContainerItemProxy;
			containerPortal = 7A4DB0B92C89824500DEEFB4 /* Project object */;
			proxyType = 1;
			remoteGlobalIDString = 7A4DB0C12C89824500DEEFB4;
			remoteInfo = "ios-lib-nfc";
		};
		7A63237E2C92ED1300519704 /* PBXContainerItemProxy */ = {
			isa = PBXContainerItemProxy;
			containerPortal = 7A4DB0B92C89824500DEEFB4 /* Project object */;
			proxyType = 1;
			remoteGlobalIDString = 7A4DB0C12C89824500DEEFB4;
			remoteInfo = "ios-lib-nfc";
		};
		7A7B1AD82CB78ADC00D0771C /* PBXContainerItemProxy */ = {
			isa = PBXContainerItemProxy;
			containerPortal = 7A4DB0B92C89824500DEEFB4 /* Project object */;
			proxyType = 1;
			remoteGlobalIDString = 7A4DB0C12C89824500DEEFB4;
			remoteInfo = "ios-lib-nfc";
		};
/* End PBXContainerItemProxy section */

/* Begin PBXCopyFilesBuildPhase section */
		7A63237B2C92ED0F00519704 /* Embed Frameworks */ = {
			isa = PBXCopyFilesBuildPhase;
			buildActionMask = 2147483647;
			dstPath = "";
			dstSubfolderSpec = 10;
			files = (
				7A6323782C92ED0F00519704 /* ios_lib_nfc.framework in Embed Frameworks */,
			);
			name = "Embed Frameworks";
			runOnlyForDeploymentPostprocessing = 0;
		};
		7A6323802C92ED1300519704 /* Embed Frameworks */ = {
			isa = PBXCopyFilesBuildPhase;
			buildActionMask = 2147483647;
			dstPath = "";
			dstSubfolderSpec = 10;
			files = (
				7A63237D2C92ED1300519704 /* ios_lib_nfc.framework in Embed Frameworks */,
			);
			name = "Embed Frameworks";
			runOnlyForDeploymentPostprocessing = 0;
		};
		7A7B1ADA2CB78ADC00D0771C /* Embed Frameworks */ = {
			isa = PBXCopyFilesBuildPhase;
			buildActionMask = 2147483647;
			dstPath = "";
			dstSubfolderSpec = 10;
			files = (
				7A7B1AD72CB78ADC00D0771C /* ios_lib_nfc.framework in Embed Frameworks */,
			);
			name = "Embed Frameworks";
			runOnlyForDeploymentPostprocessing = 0;
		};
/* End PBXCopyFilesBuildPhase section */

/* Begin PBXFileReference section */
		7A06F2C72C90012000FF064B /* NFCUtilities.swift */ = {isa = PBXFileReference; lastKnownFileType = sourcecode.swift; path = NFCUtilities.swift; sourceTree = "<group>"; };
		7A1F5F212CAE2A3E00418CB0 /* MitReadData.swift */ = {isa = PBXFileReference; lastKnownFileType = sourcecode.swift; path = MitReadData.swift; sourceTree = "<group>"; };
		7A1F5F232CAE2B7A00418CB0 /* TypeNameFormats.swift */ = {isa = PBXFileReference; lastKnownFileType = sourcecode.swift; path = TypeNameFormats.swift; sourceTree = "<group>"; };
		7A345ACA2CB7D94000D6ABD3 /* ResultView.swift */ = {isa = PBXFileReference; lastKnownFileType = sourcecode.swift; path = ResultView.swift; sourceTree = "<group>"; };
		7A4DB0C22C89824500DEEFB4 /* ios_lib_nfc.framework */ = {isa = PBXFileReference; explicitFileType = wrapper.framework; includeInIndex = 0; path = ios_lib_nfc.framework; sourceTree = BUILT_PRODUCTS_DIR; };
		7A4DB0C52C89824500DEEFB4 /* ios_lib_nfc.h */ = {isa = PBXFileReference; lastKnownFileType = sourcecode.c.h; path = ios_lib_nfc.h; sourceTree = "<group>"; };
		7A4DB0C62C89824500DEEFB4 /* ios_lib_nfc.docc */ = {isa = PBXFileReference; lastKnownFileType = folder.documentationcatalog; path = ios_lib_nfc.docc; sourceTree = "<group>"; };
		7A6066BE2C914C390037813C /* Extensions.swift */ = {isa = PBXFileReference; lastKnownFileType = sourcecode.swift; path = Extensions.swift; sourceTree = "<group>"; };
		7A6066C22C9182BC0037813C /* URIRecordType.swift */ = {isa = PBXFileReference; lastKnownFileType = sourcecode.swift; path = URIRecordType.swift; sourceTree = "<group>"; };
		7A6066C52C91844C0037813C /* WellKnownTypeRecord.swift */ = {isa = PBXFileReference; lastKnownFileType = sourcecode.swift; path = WellKnownTypeRecord.swift; sourceTree = "<group>"; };
		7A63233B2C92EB1100519704 /* NFCTagReader.app */ = {isa = PBXFileReference; explicitFileType = wrapper.application; includeInIndex = 0; path = NFCTagReader.app; sourceTree = BUILT_PRODUCTS_DIR; };
		7A63233D2C92EB1100519704 /* AppDelegate.swift */ = {isa = PBXFileReference; lastKnownFileType = sourcecode.swift; path = AppDelegate.swift; sourceTree = "<group>"; };
		7A63233F2C92EB1100519704 /* SceneDelegate.swift */ = {isa = PBXFileReference; lastKnownFileType = sourcecode.swift; path = SceneDelegate.swift; sourceTree = "<group>"; };
		7A6323442C92EB1100519704 /* Base */ = {isa = PBXFileReference; lastKnownFileType = file.storyboard; name = Base; path = Base.lproj/Main.storyboard; sourceTree = "<group>"; };
		7A6323462C92EB1300519704 /* Assets.xcassets */ = {isa = PBXFileReference; lastKnownFileType = folder.assetcatalog; path = Assets.xcassets; sourceTree = "<group>"; };
		7A6323492C92EB1300519704 /* Base */ = {isa = PBXFileReference; lastKnownFileType = file.storyboard; name = Base; path = Base.lproj/LaunchScreen.storyboard; sourceTree = "<group>"; };
		7A63234B2C92EB1300519704 /* Info.plist */ = {isa = PBXFileReference; lastKnownFileType = text.plist.xml; path = Info.plist; sourceTree = "<group>"; };
		7A6323532C92EB3600519704 /* NFCNDEFReader.app */ = {isa = PBXFileReference; explicitFileType = wrapper.application; includeInIndex = 0; path = NFCNDEFReader.app; sourceTree = BUILT_PRODUCTS_DIR; };
		7A6323552C92EB3600519704 /* AppDelegate.swift */ = {isa = PBXFileReference; lastKnownFileType = sourcecode.swift; path = AppDelegate.swift; sourceTree = "<group>"; };
		7A6323572C92EB3600519704 /* SceneDelegate.swift */ = {isa = PBXFileReference; lastKnownFileType = sourcecode.swift; path = SceneDelegate.swift; sourceTree = "<group>"; };
		7A63235C2C92EB3600519704 /* Base */ = {isa = PBXFileReference; lastKnownFileType = file.storyboard; name = Base; path = Base.lproj/Main.storyboard; sourceTree = "<group>"; };
		7A63235E2C92EB3700519704 /* Assets.xcassets */ = {isa = PBXFileReference; lastKnownFileType = folder.assetcatalog; path = Assets.xcassets; sourceTree = "<group>"; };
		7A6323612C92EB3700519704 /* Base */ = {isa = PBXFileReference; lastKnownFileType = file.storyboard; name = Base; path = Base.lproj/LaunchScreen.storyboard; sourceTree = "<group>"; };
		7A6323632C92EB3700519704 /* Info.plist */ = {isa = PBXFileReference; lastKnownFileType = text.plist.xml; path = Info.plist; sourceTree = "<group>"; };
		7A6323672C92EB5600519704 /* NFCNDEFReader.entitlements */ = {isa = PBXFileReference; lastKnownFileType = text.plist.entitlements; path = NFCNDEFReader.entitlements; sourceTree = "<group>"; };
		7A6323682C92EB5E00519704 /* NFCTagReader.entitlements */ = {isa = PBXFileReference; lastKnownFileType = text.plist.entitlements; path = NFCTagReader.entitlements; sourceTree = "<group>"; };
		7A63236A2C92EBE200519704 /* ViewController.swift */ = {isa = PBXFileReference; fileEncoding = 4; lastKnownFileType = sourcecode.swift; path = ViewController.swift; sourceTree = "<group>"; };
		7A6323702C92EBF500519704 /* TextFieldViewController.swift */ = {isa = PBXFileReference; fileEncoding = 4; lastKnownFileType = sourcecode.swift; path = TextFieldViewController.swift; sourceTree = "<group>"; };
		7A6323712C92EBF500519704 /* ViewController.swift */ = {isa = PBXFileReference; fileEncoding = 4; lastKnownFileType = sourcecode.swift; path = ViewController.swift; sourceTree = "<group>"; };
		7A6323722C92EBF500519704 /* WriteViewController.swift */ = {isa = PBXFileReference; fileEncoding = 4; lastKnownFileType = sourcecode.swift; path = WriteViewController.swift; sourceTree = "<group>"; };
		7A6323812C92EFF000519704 /* MitFeliCaReader.swift */ = {isa = PBXFileReference; lastKnownFileType = sourcecode.swift; path = MitFeliCaReader.swift; sourceTree = "<group>"; };
		7A7B1AC32CB773D300D0771C /* NFCNDEFReaderSwiftUI.app */ = {isa = PBXFileReference; explicitFileType = wrapper.application; includeInIndex = 0; path = NFCNDEFReaderSwiftUI.app; sourceTree = BUILT_PRODUCTS_DIR; };
		7A7B1AC52CB773D300D0771C /* NFCNDEFReaderSwiftUIApp.swift */ = {isa = PBXFileReference; lastKnownFileType = sourcecode.swift; path = NFCNDEFReaderSwiftUIApp.swift; sourceTree = "<group>"; };
		7A7B1AC72CB773D300D0771C /* ContentView.swift */ = {isa = PBXFileReference; lastKnownFileType = sourcecode.swift; path = ContentView.swift; sourceTree = "<group>"; };
		7A7B1AC92CB773D700D0771C /* Assets.xcassets */ = {isa = PBXFileReference; lastKnownFileType = folder.assetcatalog; path = Assets.xcassets; sourceTree = "<group>"; };
		7A7B1ACC2CB773D700D0771C /* Preview Assets.xcassets */ = {isa = PBXFileReference; lastKnownFileType = folder.assetcatalog; path = "Preview Assets.xcassets"; sourceTree = "<group>"; };
		7A7B1AD12CB7744100D0771C /* WriteView.swift */ = {isa = PBXFileReference; lastKnownFileType = sourcecode.swift; path = WriteView.swift; sourceTree = "<group>"; };
		7A7B1AD32CB7744C00D0771C /* ReadView.swift */ = {isa = PBXFileReference; lastKnownFileType = sourcecode.swift; path = ReadView.swift; sourceTree = "<group>"; };
		7A7B1AD52CB78A9900D0771C /* NFCNDEFReaderSwiftUI.entitlements */ = {isa = PBXFileReference; lastKnownFileType = text.plist.entitlements; path = NFCNDEFReaderSwiftUI.entitlements; sourceTree = "<group>"; };
		7AB16A4D2C9425FC0099F0DB /* MitNFCTagReader.swift */ = {isa = PBXFileReference; lastKnownFileType = sourcecode.swift; path = MitNFCTagReader.swift; sourceTree = "<group>"; };
		7AB930982CA50FBD0054DDDC /* NFCMessages.swift */ = {isa = PBXFileReference; lastKnownFileType = sourcecode.swift; path = NFCMessages.swift; sourceTree = "<group>"; };
		7ADF04B72CA24818002F2A4E /* ResidenceTag.swift */ = {isa = PBXFileReference; lastKnownFileType = sourcecode.swift; path = ResidenceTag.swift; sourceTree = "<group>"; };
		7AEBD3AE2C8ADED5008B1C9D /* MitNDEFReader.swift */ = {isa = PBXFileReference; lastKnownFileType = sourcecode.swift; path = MitNDEFReader.swift; sourceTree = "<group>"; };
		7AEBD3B62C8AE32E008B1C9D /* MitNDEFWrite.swift */ = {isa = PBXFileReference; lastKnownFileType = sourcecode.swift; path = MitNDEFWrite.swift; sourceTree = "<group>"; };
		7AEBD3BA2C8AEE25008B1C9D /* MitNDEFBase.swift */ = {isa = PBXFileReference; lastKnownFileType = sourcecode.swift; path = MitNDEFBase.swift; sourceTree = "<group>"; };
		7AEBD3BC2C8AF7F2008B1C9D /* README.md */ = {isa = PBXFileReference; fileEncoding = 4; lastKnownFileType = net.daringfireball.markdown; name = README.md; path = ../README.md; sourceTree = "<group>"; };
		7AF967232C9BB3080050271B /* MitPayloadBase.swift */ = {isa = PBXFileReference; lastKnownFileType = sourcecode.swift; path = MitPayloadBase.swift; sourceTree = "<group>"; };
		7AF967262C9BEEC80050271B /* MitMyNumberReader.swift */ = {isa = PBXFileReference; lastKnownFileType = sourcecode.swift; path = MitMyNumberReader.swift; sourceTree = "<group>"; };
		7AF967292C9BF0FE0050271B /* TextRecordWrite.swift */ = {isa = PBXFileReference; lastKnownFileType = sourcecode.swift; path = TextRecordWrite.swift; sourceTree = "<group>"; };
		7AF9672B2C9BF1130050271B /* URLRecordWrite.swift */ = {isa = PBXFileReference; lastKnownFileType = sourcecode.swift; path = URLRecordWrite.swift; sourceTree = "<group>"; };
		7AF9672D2C9BF12D0050271B /* URIRecordWrite.swift */ = {isa = PBXFileReference; lastKnownFileType = sourcecode.swift; path = URIRecordWrite.swift; sourceTree = "<group>"; };
		7AF967302C9C02C80050271B /* MitResidenceReader.swift */ = {isa = PBXFileReference; lastKnownFileType = sourcecode.swift; path = MitResidenceReader.swift; sourceTree = "<group>"; };
		7AF967322C9C0A540050271B /* AppRecordWrite.swift */ = {isa = PBXFileReference; lastKnownFileType = sourcecode.swift; path = AppRecordWrite.swift; sourceTree = "<group>"; };
		7AF967372C9C2A2F0050271B /* en */ = {isa = PBXFileReference; lastKnownFileType = text.plist.strings; name = en; path = en.lproj/Localizable.strings; sourceTree = "<group>"; };
/* End PBXFileReference section */

/* Begin PBXFrameworksBuildPhase section */
		7A4DB0BF2C89824500DEEFB4 /* Frameworks */ = {
			isa = PBXFrameworksBuildPhase;
			buildActionMask = 2147483647;
			files = (
			);
			runOnlyForDeploymentPostprocessing = 0;
		};
		7A6323382C92EB1100519704 /* Frameworks */ = {
			isa = PBXFrameworksBuildPhase;
			buildActionMask = 2147483647;
			files = (
				7A63237C2C92ED1300519704 /* ios_lib_nfc.framework in Frameworks */,
			);
			runOnlyForDeploymentPostprocessing = 0;
		};
		7A6323502C92EB3600519704 /* Frameworks */ = {
			isa = PBXFrameworksBuildPhase;
			buildActionMask = 2147483647;
			files = (
				7A6323772C92ED0F00519704 /* ios_lib_nfc.framework in Frameworks */,
			);
			runOnlyForDeploymentPostprocessing = 0;
		};
		7A7B1AC02CB773D300D0771C /* Frameworks */ = {
			isa = PBXFrameworksBuildPhase;
			buildActionMask = 2147483647;
			files = (
				7A7B1AD62CB78ADC00D0771C /* ios_lib_nfc.framework in Frameworks */,
			);
			runOnlyForDeploymentPostprocessing = 0;
		};
/* End PBXFrameworksBuildPhase section */

/* Begin PBXGroup section */
		7A4DB0B82C89824500DEEFB4 = {
			isa = PBXGroup;
			children = (
				7AEBD3BC2C8AF7F2008B1C9D /* README.md */,
				7A4DB0C42C89824500DEEFB4 /* ios-lib-nfc */,
				7A63233C2C92EB1100519704 /* NFCTagReader */,
				7A6323542C92EB3600519704 /* NFCNDEFReader */,
				7A7B1AC42CB773D300D0771C /* NFCNDEFReaderSwiftUI */,
				7A4DB0C32C89824500DEEFB4 /* Products */,
				7AEBD3B02C8AE093008B1C9D /* Frameworks */,
			);
			sourceTree = "<group>";
		};
		7A4DB0C32C89824500DEEFB4 /* Products */ = {
			isa = PBXGroup;
			children = (
				7A4DB0C22C89824500DEEFB4 /* ios_lib_nfc.framework */,
				7A63233B2C92EB1100519704 /* NFCTagReader.app */,
				7A6323532C92EB3600519704 /* NFCNDEFReader.app */,
				7A7B1AC32CB773D300D0771C /* NFCNDEFReaderSwiftUI.app */,
			);
			name = Products;
			sourceTree = "<group>";
		};
		7A4DB0C42C89824500DEEFB4 /* ios-lib-nfc */ = {
			isa = PBXGroup;
			children = (
				7AEBD3C92C8AFCFC008B1C9D /* NFCTagReader */,
				7AEBD3AD2C8ADEC3008B1C9D /* NDEF */,
				7AEBD3CF2C8B078E008B1C9D /* Utilities */,
				7AF967362C9C2A2F0050271B /* Localizable.strings */,
				7A4DB0C52C89824500DEEFB4 /* ios_lib_nfc.h */,
				7A4DB0C62C89824500DEEFB4 /* ios_lib_nfc.docc */,
			);
			path = "ios-lib-nfc";
			sourceTree = "<group>";
		};
		7A4DB1322C89847300DEEFB4 /* Base */ = {
			isa = PBXGroup;
			children = (
				7AB16A4D2C9425FC0099F0DB /* MitNFCTagReader.swift */,
			);
			path = Base;
			sourceTree = "<group>";
		};
		7A6066C42C9182F90037813C /* Static */ = {
			isa = PBXGroup;
			children = (
				7A6066C22C9182BC0037813C /* URIRecordType.swift */,
				7A6066C52C91844C0037813C /* WellKnownTypeRecord.swift */,
				7A1F5F232CAE2B7A00418CB0 /* TypeNameFormats.swift */,
			);
			path = Static;
			sourceTree = "<group>";
		};
		7A63233C2C92EB1100519704 /* NFCTagReader */ = {
			isa = PBXGroup;
			children = (
				7A6323682C92EB5E00519704 /* NFCTagReader.entitlements */,
				7A63233D2C92EB1100519704 /* AppDelegate.swift */,
				7A63233F2C92EB1100519704 /* SceneDelegate.swift */,
				7A63236A2C92EBE200519704 /* ViewController.swift */,
				7A6323432C92EB1100519704 /* Main.storyboard */,
				7A6323462C92EB1300519704 /* Assets.xcassets */,
				7A6323482C92EB1300519704 /* LaunchScreen.storyboard */,
				7A63234B2C92EB1300519704 /* Info.plist */,
			);
			path = NFCTagReader;
			sourceTree = "<group>";
		};
		7A6323542C92EB3600519704 /* NFCNDEFReader */ = {
			isa = PBXGroup;
			children = (
				7A6323672C92EB5600519704 /* NFCNDEFReader.entitlements */,
				7A6323552C92EB3600519704 /* AppDelegate.swift */,
				7A6323572C92EB3600519704 /* SceneDelegate.swift */,
				7A6323732C92EBF500519704 /* Viewcontroller */,
				7A63235B2C92EB3600519704 /* Main.storyboard */,
				7A63235E2C92EB3700519704 /* Assets.xcassets */,
				7A6323602C92EB3700519704 /* LaunchScreen.storyboard */,
				7A6323632C92EB3700519704 /* Info.plist */,
			);
			path = NFCNDEFReader;
			sourceTree = "<group>";
		};
		7A6323732C92EBF500519704 /* Viewcontroller */ = {
			isa = PBXGroup;
			children = (
				7A6323702C92EBF500519704 /* TextFieldViewController.swift */,
				7A6323712C92EBF500519704 /* ViewController.swift */,
				7A6323722C92EBF500519704 /* WriteViewController.swift */,
			);
			path = Viewcontroller;
			sourceTree = "<group>";
		};
		7A7B1AC42CB773D300D0771C /* NFCNDEFReaderSwiftUI */ = {
			isa = PBXGroup;
			children = (
				7A7B1AD52CB78A9900D0771C /* NFCNDEFReaderSwiftUI.entitlements */,
				7A7B1AC52CB773D300D0771C /* NFCNDEFReaderSwiftUIApp.swift */,
				7A7B1AC72CB773D300D0771C /* ContentView.swift */,
				7A7B1AD32CB7744C00D0771C /* ReadView.swift */,
				7A345ACA2CB7D94000D6ABD3 /* ResultView.swift */,
				7A7B1AD12CB7744100D0771C /* WriteView.swift */,
				7A7B1AC92CB773D700D0771C /* Assets.xcassets */,
				7A7B1ACB2CB773D700D0771C /* Preview Content */,
			);
			path = NFCNDEFReaderSwiftUI;
			sourceTree = "<group>";
		};
		7A7B1ACB2CB773D700D0771C /* Preview Content */ = {
			isa = PBXGroup;
			children = (
				7A7B1ACC2CB773D700D0771C /* Preview Assets.xcassets */,
			);
			path = "Preview Content";
			sourceTree = "<group>";
		};
		7AEBD3AD2C8ADEC3008B1C9D /* NDEF */ = {
			isa = PBXGroup;
			children = (
				7A6066C42C9182F90037813C /* Static */,
				7AEBD3CE2C8B05CB008B1C9D /* ReaderWrite */,
				7AEBD3CD2C8B05C3008B1C9D /* Base */,
			);
			name = NDEF;
			path = "ios-lib-nfc/NDEF";
			sourceTree = SOURCE_ROOT;
		};
		7AEBD3B02C8AE093008B1C9D /* Frameworks */ = {
			isa = PBXGroup;
			children = (
			);
			name = Frameworks;
			sourceTree = "<group>";
		};
		7AEBD3BE2C8AF890008B1C9D /* Readers */ = {
			isa = PBXGroup;
			children = (
				7AF9672F2C9C02AF0050271B /* NFCResisdenceTag */,
				7AF967252C9BEEA10050271B /* NFCIndividualTag */,
				7AEBD3CB2C8B009E008B1C9D /* NFCFeliCaTag */,
			);
			path = Readers;
			sourceTree = "<group>";
		};
		7AEBD3C92C8AFCFC008B1C9D /* NFCTagReader */ = {
			isa = PBXGroup;
			children = (
				7AEBD3BE2C8AF890008B1C9D /* Readers */,
				7A4DB1322C89847300DEEFB4 /* Base */,
			);
			path = NFCTagReader;
			sourceTree = "<group>";
		};
		7AEBD3CB2C8B009E008B1C9D /* NFCFeliCaTag */ = {
			isa = PBXGroup;
			children = (
				7A6323812C92EFF000519704 /* MitFeliCaReader.swift */,
			);
			path = NFCFeliCaTag;
			sourceTree = "<group>";
		};
		7AEBD3CD2C8B05C3008B1C9D /* Base */ = {
			isa = PBXGroup;
			children = (
				7AEBD3BA2C8AEE25008B1C9D /* MitNDEFBase.swift */,
				7AF967232C9BB3080050271B /* MitPayloadBase.swift */,
				7A1F5F212CAE2A3E00418CB0 /* MitReadData.swift */,
			);
			path = Base;
			sourceTree = "<group>";
		};
		7AEBD3CE2C8B05CB008B1C9D /* ReaderWrite */ = {
			isa = PBXGroup;
			children = (
				7AF967282C9BF0CD0050271B /* WriterTypes */,
				7AEBD3AE2C8ADED5008B1C9D /* MitNDEFReader.swift */,
				7AEBD3B62C8AE32E008B1C9D /* MitNDEFWrite.swift */,
			);
			path = ReaderWrite;
			sourceTree = "<group>";
		};
		7AEBD3CF2C8B078E008B1C9D /* Utilities */ = {
			isa = PBXGroup;
			children = (
				7A06F2C72C90012000FF064B /* NFCUtilities.swift */,
				7A6066BE2C914C390037813C /* Extensions.swift */,
				7AB930982CA50FBD0054DDDC /* NFCMessages.swift */,
			);
			path = Utilities;
			sourceTree = "<group>";
		};
		7AF967252C9BEEA10050271B /* NFCIndividualTag */ = {
			isa = PBXGroup;
			children = (
				7AF967262C9BEEC80050271B /* MitMyNumberReader.swift */,
			);
			path = NFCIndividualTag;
			sourceTree = "<group>";
		};
		7AF967282C9BF0CD0050271B /* WriterTypes */ = {
			isa = PBXGroup;
			children = (
				7AF967292C9BF0FE0050271B /* TextRecordWrite.swift */,
				7AF9672B2C9BF1130050271B /* URLRecordWrite.swift */,
				7AF9672D2C9BF12D0050271B /* URIRecordWrite.swift */,
				7AF967322C9C0A540050271B /* AppRecordWrite.swift */,
			);
			path = WriterTypes;
			sourceTree = "<group>";
		};
		7AF9672F2C9C02AF0050271B /* NFCResisdenceTag */ = {
			isa = PBXGroup;
			children = (
				7AF967302C9C02C80050271B /* MitResidenceReader.swift */,
				7ADF04B72CA24818002F2A4E /* ResidenceTag.swift */,
			);
			path = NFCResisdenceTag;
			sourceTree = "<group>";
		};
/* End PBXGroup section */

/* Begin PBXHeadersBuildPhase section */
		7A4DB0BD2C89824500DEEFB4 /* Headers */ = {
			isa = PBXHeadersBuildPhase;
			buildActionMask = 2147483647;
			files = (
				7A4DB1CF2C89A93800DEEFB4 /* ios_lib_nfc.h in Headers */,
			);
			runOnlyForDeploymentPostprocessing = 0;
		};
/* End PBXHeadersBuildPhase section */

/* Begin PBXNativeTarget section */
		7A4DB0C12C89824500DEEFB4 /* ios-lib-nfc */ = {
			isa = PBXNativeTarget;
			buildConfigurationList = 7A4DB0D62C89824500DEEFB4 /* Build configuration list for PBXNativeTarget "ios-lib-nfc" */;
			buildPhases = (
				7A4DB0BD2C89824500DEEFB4 /* Headers */,
				7A4DB0BE2C89824500DEEFB4 /* Sources */,
				7A4DB0BF2C89824500DEEFB4 /* Frameworks */,
				7A4DB0C02C89824500DEEFB4 /* Resources */,
			);
			buildRules = (
			);
			dependencies = (
			);
			name = "ios-lib-nfc";
			productName = "ios-lib-nfc";
			productReference = 7A4DB0C22C89824500DEEFB4 /* ios_lib_nfc.framework */;
			productType = "com.apple.product-type.framework";
		};
		7A63233A2C92EB1100519704 /* NFCTagReader */ = {
			isa = PBXNativeTarget;
			buildConfigurationList = 7A63234C2C92EB1300519704 /* Build configuration list for PBXNativeTarget "NFCTagReader" */;
			buildPhases = (
				7A6323372C92EB1100519704 /* Sources */,
				7A6323382C92EB1100519704 /* Frameworks */,
				7A6323392C92EB1100519704 /* Resources */,
				7A6323802C92ED1300519704 /* Embed Frameworks */,
			);
			buildRules = (
			);
			dependencies = (
				7A63237F2C92ED1300519704 /* PBXTargetDependency */,
			);
			name = NFCTagReader;
			productName = NFCTagReader;
			productReference = 7A63233B2C92EB1100519704 /* NFCTagReader.app */;
			productType = "com.apple.product-type.application";
		};
		7A6323522C92EB3600519704 /* NFCNDEFReader */ = {
			isa = PBXNativeTarget;
			buildConfigurationList = 7A6323642C92EB3700519704 /* Build configuration list for PBXNativeTarget "NFCNDEFReader" */;
			buildPhases = (
				7A63234F2C92EB3600519704 /* Sources */,
				7A6323502C92EB3600519704 /* Frameworks */,
				7A6323512C92EB3600519704 /* Resources */,
				7A63237B2C92ED0F00519704 /* Embed Frameworks */,
			);
			buildRules = (
			);
			dependencies = (
				7A63237A2C92ED0F00519704 /* PBXTargetDependency */,
			);
			name = NFCNDEFReader;
			productName = NFCNDEFReader;
			productReference = 7A6323532C92EB3600519704 /* NFCNDEFReader.app */;
			productType = "com.apple.product-type.application";
		};
		7A7B1AC22CB773D300D0771C /* NFCNDEFReaderSwiftUI */ = {
			isa = PBXNativeTarget;
			buildConfigurationList = 7A7B1AD02CB773D700D0771C /* Build configuration list for PBXNativeTarget "NFCNDEFReaderSwiftUI" */;
			buildPhases = (
				7A7B1ABF2CB773D300D0771C /* Sources */,
				7A7B1AC02CB773D300D0771C /* Frameworks */,
				7A7B1AC12CB773D300D0771C /* Resources */,
				7A7B1ADA2CB78ADC00D0771C /* Embed Frameworks */,
			);
			buildRules = (
			);
			dependencies = (
				7A7B1AD92CB78ADC00D0771C /* PBXTargetDependency */,
			);
			name = NFCNDEFReaderSwiftUI;
			productName = NFCNDEFReaderSwiftUI;
			productReference = 7A7B1AC32CB773D300D0771C /* NFCNDEFReaderSwiftUI.app */;
			productType = "com.apple.product-type.application";
		};
/* End PBXNativeTarget section */

/* Begin PBXProject section */
		7A4DB0B92C89824500DEEFB4 /* Project object */ = {
			isa = PBXProject;
			attributes = {
				BuildIndependentTargetsInParallel = 1;
				LastSwiftUpdateCheck = 1510;
				LastUpgradeCheck = 1540;
				TargetAttributes = {
					7A4DB0C12C89824500DEEFB4 = {
						CreatedOnToolsVersion = 15.4;
					};
					7A63233A2C92EB1100519704 = {
						CreatedOnToolsVersion = 15.4;
					};
					7A6323522C92EB3600519704 = {
						CreatedOnToolsVersion = 15.4;
					};
					7A7B1AC22CB773D300D0771C = {
						CreatedOnToolsVersion = 15.1;
					};
				};
			};
			buildConfigurationList = 7A4DB0BC2C89824500DEEFB4 /* Build configuration list for PBXProject "ios-lib-nfc" */;
			compatibilityVersion = "Xcode 14.0";
			developmentRegion = en;
			hasScannedForEncodings = 0;
			knownRegions = (
				en,
				Base,
			);
			mainGroup = 7A4DB0B82C89824500DEEFB4;
			productRefGroup = 7A4DB0C32C89824500DEEFB4 /* Products */;
			projectDirPath = "";
			projectRoot = "";
			targets = (
				7A4DB0C12C89824500DEEFB4 /* ios-lib-nfc */,
				7A63233A2C92EB1100519704 /* NFCTagReader */,
				7A6323522C92EB3600519704 /* NFCNDEFReader */,
				7A7B1AC22CB773D300D0771C /* NFCNDEFReaderSwiftUI */,
			);
		};
/* End PBXProject section */

/* Begin PBXResourcesBuildPhase section */
		7A4DB0C02C89824500DEEFB4 /* Resources */ = {
			isa = PBXResourcesBuildPhase;
			buildActionMask = 2147483647;
			files = (
				7AEBD3BD2C8AF7F2008B1C9D /* README.md in Resources */,
				7AF967382C9C2A2F0050271B /* Localizable.strings in Resources */,
			);
			runOnlyForDeploymentPostprocessing = 0;
		};
		7A6323392C92EB1100519704 /* Resources */ = {
			isa = PBXResourcesBuildPhase;
			buildActionMask = 2147483647;
			files = (
				7A6323472C92EB1300519704 /* Assets.xcassets in Resources */,
				7A63234A2C92EB1300519704 /* Base in Resources */,
				7A6323452C92EB1100519704 /* Base in Resources */,
			);
			runOnlyForDeploymentPostprocessing = 0;
		};
		7A6323512C92EB3600519704 /* Resources */ = {
			isa = PBXResourcesBuildPhase;
			buildActionMask = 2147483647;
			files = (
				7A63235F2C92EB3700519704 /* Assets.xcassets in Resources */,
				7A6323622C92EB3700519704 /* Base in Resources */,
				7A63235D2C92EB3600519704 /* Base in Resources */,
			);
			runOnlyForDeploymentPostprocessing = 0;
		};
		7A7B1AC12CB773D300D0771C /* Resources */ = {
			isa = PBXResourcesBuildPhase;
			buildActionMask = 2147483647;
			files = (
				7A7B1ACD2CB773D700D0771C /* Preview Assets.xcassets in Resources */,
				7A7B1ACA2CB773D700D0771C /* Assets.xcassets in Resources */,
			);
			runOnlyForDeploymentPostprocessing = 0;
		};
/* End PBXResourcesBuildPhase section */

/* Begin PBXSourcesBuildPhase section */
		7A4DB0BE2C89824500DEEFB4 /* Sources */ = {
			isa = PBXSourcesBuildPhase;
			buildActionMask = 2147483647;
			files = (
				7A6066C32C9182BC0037813C /* URIRecordType.swift in Sources */,
				7A06F2C82C90012000FF064B /* NFCUtilities.swift in Sources */,
				7AB16A4E2C9425FC0099F0DB /* MitNFCTagReader.swift in Sources */,
				7A6323822C92EFF000519704 /* MitFeliCaReader.swift in Sources */,
				7AF9672C2C9BF1130050271B /* URLRecordWrite.swift in Sources */,
				7AF967242C9BB3080050271B /* MitPayloadBase.swift in Sources */,
				7AF967312C9C02C80050271B /* MitResidenceReader.swift in Sources */,
				7AEBD3AF2C8ADED5008B1C9D /* MitNDEFReader.swift in Sources */,
				7AF9672E2C9BF12D0050271B /* URIRecordWrite.swift in Sources */,
				7ADF04B82CA24818002F2A4E /* ResidenceTag.swift in Sources */,
				7AF967272C9BEEC80050271B /* MitMyNumberReader.swift in Sources */,
				7A1F5F242CAE2B7A00418CB0 /* TypeNameFormats.swift in Sources */,
				7AF967332C9C0A540050271B /* AppRecordWrite.swift in Sources */,
				7AEBD3BB2C8AEE25008B1C9D /* MitNDEFBase.swift in Sources */,
				7A6066BF2C914C390037813C /* Extensions.swift in Sources */,
				7A1F5F222CAE2A3E00418CB0 /* MitReadData.swift in Sources */,
				7AF9672A2C9BF0FE0050271B /* TextRecordWrite.swift in Sources */,
				7AEBD3B72C8AE32E008B1C9D /* MitNDEFWrite.swift in Sources */,
				7AB930992CA50FBD0054DDDC /* NFCMessages.swift in Sources */,
				7A6066C62C91844C0037813C /* WellKnownTypeRecord.swift in Sources */,
			);
			runOnlyForDeploymentPostprocessing = 0;
		};
		7A6323372C92EB1100519704 /* Sources */ = {
			isa = PBXSourcesBuildPhase;
			buildActionMask = 2147483647;
			files = (
				7A63236E2C92EBE200519704 /* ViewController.swift in Sources */,
				7A63233E2C92EB1100519704 /* AppDelegate.swift in Sources */,
				7A6323402C92EB1100519704 /* SceneDelegate.swift in Sources */,
			);
			runOnlyForDeploymentPostprocessing = 0;
		};
		7A63234F2C92EB3600519704 /* Sources */ = {
			isa = PBXSourcesBuildPhase;
			buildActionMask = 2147483647;
			files = (
				7A6323562C92EB3600519704 /* AppDelegate.swift in Sources */,
				7A6323582C92EB3600519704 /* SceneDelegate.swift in Sources */,
				7A6323752C92EBF500519704 /* ViewController.swift in Sources */,
				7A6323762C92EBF500519704 /* WriteViewController.swift in Sources */,
				7A6323742C92EBF500519704 /* TextFieldViewController.swift in Sources */,
			);
			runOnlyForDeploymentPostprocessing = 0;
		};
		7A7B1ABF2CB773D300D0771C /* Sources */ = {
			isa = PBXSourcesBuildPhase;
			buildActionMask = 2147483647;
			files = (
				7A7B1AD42CB7744C00D0771C /* ReadView.swift in Sources */,
				7A7B1AC82CB773D300D0771C /* ContentView.swift in Sources */,
				7A345ACB2CB7D94000D6ABD3 /* ResultView.swift in Sources */,
				7A7B1AC62CB773D300D0771C /* NFCNDEFReaderSwiftUIApp.swift in Sources */,
				7A7B1AD22CB7744100D0771C /* WriteView.swift in Sources */,
			);
			runOnlyForDeploymentPostprocessing = 0;
		};
/* End PBXSourcesBuildPhase section */

/* Begin PBXTargetDependency section */
		7A63237A2C92ED0F00519704 /* PBXTargetDependency */ = {
			isa = PBXTargetDependency;
			target = 7A4DB0C12C89824500DEEFB4 /* ios-lib-nfc */;
			targetProxy = 7A6323792C92ED0F00519704 /* PBXContainerItemProxy */;
		};
		7A63237F2C92ED1300519704 /* PBXTargetDependency */ = {
			isa = PBXTargetDependency;
			target = 7A4DB0C12C89824500DEEFB4 /* ios-lib-nfc */;
			targetProxy = 7A63237E2C92ED1300519704 /* PBXContainerItemProxy */;
		};
		7A7B1AD92CB78ADC00D0771C /* PBXTargetDependency */ = {
			isa = PBXTargetDependency;
			target = 7A4DB0C12C89824500DEEFB4 /* ios-lib-nfc */;
			targetProxy = 7A7B1AD82CB78ADC00D0771C /* PBXContainerItemProxy */;
		};
/* End PBXTargetDependency section */

/* Begin PBXVariantGroup section */
		7A6323432C92EB1100519704 /* Main.storyboard */ = {
			isa = PBXVariantGroup;
			children = (
				7A6323442C92EB1100519704 /* Base */,
			);
			name = Main.storyboard;
			sourceTree = "<group>";
		};
		7A6323482C92EB1300519704 /* LaunchScreen.storyboard */ = {
			isa = PBXVariantGroup;
			children = (
				7A6323492C92EB1300519704 /* Base */,
			);
			name = LaunchScreen.storyboard;
			sourceTree = "<group>";
		};
		7A63235B2C92EB3600519704 /* Main.storyboard */ = {
			isa = PBXVariantGroup;
			children = (
				7A63235C2C92EB3600519704 /* Base */,
			);
			name = Main.storyboard;
			sourceTree = "<group>";
		};
		7A6323602C92EB3700519704 /* LaunchScreen.storyboard */ = {
			isa = PBXVariantGroup;
			children = (
				7A6323612C92EB3700519704 /* Base */,
			);
			name = LaunchScreen.storyboard;
			sourceTree = "<group>";
		};
		7AF967362C9C2A2F0050271B /* Localizable.strings */ = {
			isa = PBXVariantGroup;
			children = (
				7AF967372C9C2A2F0050271B /* en */,
			);
			name = Localizable.strings;
			sourceTree = "<group>";
		};
/* End PBXVariantGroup section */

/* Begin XCBuildConfiguration section */
		7A4DB0D42C89824500DEEFB4 /* Debug */ = {
			isa = XCBuildConfiguration;
			buildSettings = {
				ALWAYS_SEARCH_USER_PATHS = NO;
				ASSETCATALOG_COMPILER_GENERATE_SWIFT_ASSET_SYMBOL_EXTENSIONS = YES;
				CLANG_ANALYZER_NONNULL = YES;
				CLANG_ANALYZER_NUMBER_OBJECT_CONVERSION = YES_AGGRESSIVE;
				CLANG_CXX_LANGUAGE_STANDARD = "gnu++20";
				CLANG_ENABLE_MODULES = YES;
				CLANG_ENABLE_OBJC_ARC = YES;
				CLANG_ENABLE_OBJC_WEAK = YES;
				CLANG_WARN_BLOCK_CAPTURE_AUTORELEASING = YES;
				CLANG_WARN_BOOL_CONVERSION = YES;
				CLANG_WARN_COMMA = YES;
				CLANG_WARN_CONSTANT_CONVERSION = YES;
				CLANG_WARN_DEPRECATED_OBJC_IMPLEMENTATIONS = YES;
				CLANG_WARN_DIRECT_OBJC_ISA_USAGE = YES_ERROR;
				CLANG_WARN_DOCUMENTATION_COMMENTS = YES;
				CLANG_WARN_EMPTY_BODY = YES;
				CLANG_WARN_ENUM_CONVERSION = YES;
				CLANG_WARN_INFINITE_RECURSION = YES;
				CLANG_WARN_INT_CONVERSION = YES;
				CLANG_WARN_NON_LITERAL_NULL_CONVERSION = YES;
				CLANG_WARN_OBJC_IMPLICIT_RETAIN_SELF = YES;
				CLANG_WARN_OBJC_LITERAL_CONVERSION = YES;
				CLANG_WARN_OBJC_ROOT_CLASS = YES_ERROR;
				CLANG_WARN_QUOTED_INCLUDE_IN_FRAMEWORK_HEADER = YES;
				CLANG_WARN_RANGE_LOOP_ANALYSIS = YES;
				CLANG_WARN_STRICT_PROTOTYPES = YES;
				CLANG_WARN_SUSPICIOUS_MOVE = YES;
				CLANG_WARN_UNGUARDED_AVAILABILITY = YES_AGGRESSIVE;
				CLANG_WARN_UNREACHABLE_CODE = YES;
				CLANG_WARN__DUPLICATE_METHOD_MATCH = YES;
				COPY_PHASE_STRIP = NO;
				CURRENT_PROJECT_VERSION = 1;
				DEBUG_INFORMATION_FORMAT = dwarf;
				ENABLE_STRICT_OBJC_MSGSEND = YES;
				ENABLE_TESTABILITY = YES;
				ENABLE_USER_SCRIPT_SANDBOXING = YES;
				GCC_C_LANGUAGE_STANDARD = gnu17;
				GCC_DYNAMIC_NO_PIC = NO;
				GCC_NO_COMMON_BLOCKS = YES;
				GCC_OPTIMIZATION_LEVEL = 0;
				GCC_PREPROCESSOR_DEFINITIONS = (
					"DEBUG=1",
					"$(inherited)",
				);
				GCC_WARN_64_TO_32_BIT_CONVERSION = YES;
				GCC_WARN_ABOUT_RETURN_TYPE = YES_ERROR;
				GCC_WARN_UNDECLARED_SELECTOR = YES;
				GCC_WARN_UNINITIALIZED_AUTOS = YES_AGGRESSIVE;
				GCC_WARN_UNUSED_FUNCTION = YES;
				GCC_WARN_UNUSED_VARIABLE = YES;
				IPHONEOS_DEPLOYMENT_TARGET = 17.5;
				LOCALIZATION_PREFERS_STRING_CATALOGS = YES;
				MTL_ENABLE_DEBUG_INFO = INCLUDE_SOURCE;
				MTL_FAST_MATH = YES;
				ONLY_ACTIVE_ARCH = YES;
				SDKROOT = iphoneos;
				SWIFT_ACTIVE_COMPILATION_CONDITIONS = "DEBUG $(inherited)";
				SWIFT_OPTIMIZATION_LEVEL = "-Onone";
				VERSIONING_SYSTEM = "apple-generic";
				VERSION_INFO_PREFIX = "";
			};
			name = Debug;
		};
		7A4DB0D52C89824500DEEFB4 /* Release */ = {
			isa = XCBuildConfiguration;
			buildSettings = {
				ALWAYS_SEARCH_USER_PATHS = NO;
				ASSETCATALOG_COMPILER_GENERATE_SWIFT_ASSET_SYMBOL_EXTENSIONS = YES;
				CLANG_ANALYZER_NONNULL = YES;
				CLANG_ANALYZER_NUMBER_OBJECT_CONVERSION = YES_AGGRESSIVE;
				CLANG_CXX_LANGUAGE_STANDARD = "gnu++20";
				CLANG_ENABLE_MODULES = YES;
				CLANG_ENABLE_OBJC_ARC = YES;
				CLANG_ENABLE_OBJC_WEAK = YES;
				CLANG_WARN_BLOCK_CAPTURE_AUTORELEASING = YES;
				CLANG_WARN_BOOL_CONVERSION = YES;
				CLANG_WARN_COMMA = YES;
				CLANG_WARN_CONSTANT_CONVERSION = YES;
				CLANG_WARN_DEPRECATED_OBJC_IMPLEMENTATIONS = YES;
				CLANG_WARN_DIRECT_OBJC_ISA_USAGE = YES_ERROR;
				CLANG_WARN_DOCUMENTATION_COMMENTS = YES;
				CLANG_WARN_EMPTY_BODY = YES;
				CLANG_WARN_ENUM_CONVERSION = YES;
				CLANG_WARN_INFINITE_RECURSION = YES;
				CLANG_WARN_INT_CONVERSION = YES;
				CLANG_WARN_NON_LITERAL_NULL_CONVERSION = YES;
				CLANG_WARN_OBJC_IMPLICIT_RETAIN_SELF = YES;
				CLANG_WARN_OBJC_LITERAL_CONVERSION = YES;
				CLANG_WARN_OBJC_ROOT_CLASS = YES_ERROR;
				CLANG_WARN_QUOTED_INCLUDE_IN_FRAMEWORK_HEADER = YES;
				CLANG_WARN_RANGE_LOOP_ANALYSIS = YES;
				CLANG_WARN_STRICT_PROTOTYPES = YES;
				CLANG_WARN_SUSPICIOUS_MOVE = YES;
				CLANG_WARN_UNGUARDED_AVAILABILITY = YES_AGGRESSIVE;
				CLANG_WARN_UNREACHABLE_CODE = YES;
				CLANG_WARN__DUPLICATE_METHOD_MATCH = YES;
				COPY_PHASE_STRIP = NO;
				CURRENT_PROJECT_VERSION = 1;
				DEBUG_INFORMATION_FORMAT = "dwarf-with-dsym";
				ENABLE_NS_ASSERTIONS = NO;
				ENABLE_STRICT_OBJC_MSGSEND = YES;
				ENABLE_USER_SCRIPT_SANDBOXING = YES;
				GCC_C_LANGUAGE_STANDARD = gnu17;
				GCC_NO_COMMON_BLOCKS = YES;
				GCC_WARN_64_TO_32_BIT_CONVERSION = YES;
				GCC_WARN_ABOUT_RETURN_TYPE = YES_ERROR;
				GCC_WARN_UNDECLARED_SELECTOR = YES;
				GCC_WARN_UNINITIALIZED_AUTOS = YES_AGGRESSIVE;
				GCC_WARN_UNUSED_FUNCTION = YES;
				GCC_WARN_UNUSED_VARIABLE = YES;
				IPHONEOS_DEPLOYMENT_TARGET = 17.5;
				LOCALIZATION_PREFERS_STRING_CATALOGS = YES;
				MTL_ENABLE_DEBUG_INFO = NO;
				MTL_FAST_MATH = YES;
				SDKROOT = iphoneos;
				SWIFT_COMPILATION_MODE = wholemodule;
				VALIDATE_PRODUCT = YES;
				VERSIONING_SYSTEM = "apple-generic";
				VERSION_INFO_PREFIX = "";
			};
			name = Release;
		};
		7A4DB0D72C89824500DEEFB4 /* Debug */ = {
			isa = XCBuildConfiguration;
			buildSettings = {
				BUILD_LIBRARY_FOR_DISTRIBUTION = YES;
				CODE_SIGN_STYLE = Automatic;
				CURRENT_PROJECT_VERSION = 1;
				DEFINES_MODULE = YES;
				DYLIB_COMPATIBILITY_VERSION = 1;
				DYLIB_CURRENT_VERSION = 1;
				DYLIB_INSTALL_NAME_BASE = "@rpath";
				ENABLE_MODULE_VERIFIER = YES;
				GENERATE_INFOPLIST_FILE = YES;
				INFOPLIST_KEY_NSHumanReadableCopyright = "";
				INSTALL_PATH = "$(LOCAL_LIBRARY_DIR)/Frameworks";
				IPHONEOS_DEPLOYMENT_TARGET = 13.0;
				LD_RUNPATH_SEARCH_PATHS = (
					"$(inherited)",
					"@executable_path/Frameworks",
					"@loader_path/Frameworks",
				);
				MARKETING_VERSION = 1.0;
				MODULE_VERIFIER_SUPPORTED_LANGUAGES = "objective-c objective-c++";
				MODULE_VERIFIER_SUPPORTED_LANGUAGE_STANDARDS = "gnu17 gnu++20";
				PRODUCT_BUNDLE_IDENTIFIER = "ios-lib-nfc";
				PRODUCT_NAME = "$(TARGET_NAME:c99extidentifier)";
				SKIP_INSTALL = YES;
				SWIFT_EMIT_LOC_STRINGS = YES;
				SWIFT_INSTALL_OBJC_HEADER = NO;
				SWIFT_VERSION = 5.0;
				TARGETED_DEVICE_FAMILY = "1,2";
			};
			name = Debug;
		};
		7A4DB0D82C89824500DEEFB4 /* Release */ = {
			isa = XCBuildConfiguration;
			buildSettings = {
				BUILD_LIBRARY_FOR_DISTRIBUTION = YES;
				CODE_SIGN_STYLE = Automatic;
				CURRENT_PROJECT_VERSION = 1;
				DEFINES_MODULE = YES;
				DYLIB_COMPATIBILITY_VERSION = 1;
				DYLIB_CURRENT_VERSION = 1;
				DYLIB_INSTALL_NAME_BASE = "@rpath";
				ENABLE_MODULE_VERIFIER = YES;
				GENERATE_INFOPLIST_FILE = YES;
				INFOPLIST_KEY_NSHumanReadableCopyright = "";
				INSTALL_PATH = "$(LOCAL_LIBRARY_DIR)/Frameworks";
				IPHONEOS_DEPLOYMENT_TARGET = 13.0;
				LD_RUNPATH_SEARCH_PATHS = (
					"$(inherited)",
					"@executable_path/Frameworks",
					"@loader_path/Frameworks",
				);
				MARKETING_VERSION = 1.0;
				MODULE_VERIFIER_SUPPORTED_LANGUAGES = "objective-c objective-c++";
				MODULE_VERIFIER_SUPPORTED_LANGUAGE_STANDARDS = "gnu17 gnu++20";
				PRODUCT_BUNDLE_IDENTIFIER = "ios-lib-nfc";
				PRODUCT_NAME = "$(TARGET_NAME:c99extidentifier)";
				SKIP_INSTALL = YES;
				SWIFT_EMIT_LOC_STRINGS = YES;
				SWIFT_INSTALL_OBJC_HEADER = NO;
				SWIFT_VERSION = 5.0;
				TARGETED_DEVICE_FAMILY = "1,2";
			};
			name = Release;
		};
		7A63234D2C92EB1300519704 /* Debug */ = {
			isa = XCBuildConfiguration;
			buildSettings = {
				ASSETCATALOG_COMPILER_APPICON_NAME = AppIcon;
				ASSETCATALOG_COMPILER_GLOBAL_ACCENT_COLOR_NAME = AccentColor;
				CODE_SIGN_ENTITLEMENTS = NFCTagReader/NFCTagReader.entitlements;
				"CODE_SIGN_IDENTITY[sdk=iphoneos*]" = "iPhone Developer";
				CODE_SIGN_STYLE = Manual;
				CURRENT_PROJECT_VERSION = 1;
				DEVELOPMENT_TEAM = "";
				"DEVELOPMENT_TEAM[sdk=iphoneos*]" = 6WUSYJ6NKR;
				GENERATE_INFOPLIST_FILE = YES;
				INFOPLIST_FILE = NFCTagReader/Info.plist;
				INFOPLIST_KEY_NFCReaderUsageDescription = Allow;
				INFOPLIST_KEY_UIApplicationSupportsIndirectInputEvents = YES;
				INFOPLIST_KEY_UILaunchStoryboardName = LaunchScreen;
				INFOPLIST_KEY_UIMainStoryboardFile = Main;
				INFOPLIST_KEY_UISupportedInterfaceOrientations_iPad = "UIInterfaceOrientationPortrait UIInterfaceOrientationPortraitUpsideDown UIInterfaceOrientationLandscapeLeft UIInterfaceOrientationLandscapeRight";
				INFOPLIST_KEY_UISupportedInterfaceOrientations_iPhone = "UIInterfaceOrientationPortrait UIInterfaceOrientationLandscapeLeft UIInterfaceOrientationLandscapeRight";
				LD_RUNPATH_SEARCH_PATHS = (
					"$(inherited)",
					"@executable_path/Frameworks",
				);
				MARKETING_VERSION = 1.0;
				PRODUCT_BUNDLE_IDENTIFIER = jp.co.mobileit.adp.nfcDemo;
				PRODUCT_NAME = "$(TARGET_NAME)";
				PROVISIONING_PROFILE_SPECIFIER = "";
				"PROVISIONING_PROFILE_SPECIFIER[sdk=iphoneos*]" = NfcDemoDevelopment;
				SWIFT_EMIT_LOC_STRINGS = YES;
				SWIFT_VERSION = 5.0;
				TARGETED_DEVICE_FAMILY = "1,2";
			};
			name = Debug;
		};
		7A63234E2C92EB1300519704 /* Release */ = {
			isa = XCBuildConfiguration;
			buildSettings = {
				ASSETCATALOG_COMPILER_APPICON_NAME = AppIcon;
				ASSETCATALOG_COMPILER_GLOBAL_ACCENT_COLOR_NAME = AccentColor;
				CODE_SIGN_ENTITLEMENTS = NFCTagReader/NFCTagReader.entitlements;
				"CODE_SIGN_IDENTITY[sdk=iphoneos*]" = "iPhone Developer";
				CODE_SIGN_STYLE = Manual;
				CURRENT_PROJECT_VERSION = 1;
				DEVELOPMENT_TEAM = "";
				"DEVELOPMENT_TEAM[sdk=iphoneos*]" = 6WUSYJ6NKR;
				GENERATE_INFOPLIST_FILE = YES;
				INFOPLIST_FILE = NFCTagReader/Info.plist;
				INFOPLIST_KEY_NFCReaderUsageDescription = Allow;
				INFOPLIST_KEY_UIApplicationSupportsIndirectInputEvents = YES;
				INFOPLIST_KEY_UILaunchStoryboardName = LaunchScreen;
				INFOPLIST_KEY_UIMainStoryboardFile = Main;
				INFOPLIST_KEY_UISupportedInterfaceOrientations_iPad = "UIInterfaceOrientationPortrait UIInterfaceOrientationPortraitUpsideDown UIInterfaceOrientationLandscapeLeft UIInterfaceOrientationLandscapeRight";
				INFOPLIST_KEY_UISupportedInterfaceOrientations_iPhone = "UIInterfaceOrientationPortrait UIInterfaceOrientationLandscapeLeft UIInterfaceOrientationLandscapeRight";
				LD_RUNPATH_SEARCH_PATHS = (
					"$(inherited)",
					"@executable_path/Frameworks",
				);
				MARKETING_VERSION = 1.0;
				PRODUCT_BUNDLE_IDENTIFIER = jp.co.mobileit.adp.nfcDemo;
				PRODUCT_NAME = "$(TARGET_NAME)";
				PROVISIONING_PROFILE_SPECIFIER = "";
				"PROVISIONING_PROFILE_SPECIFIER[sdk=iphoneos*]" = NfcDemoDevelopment;
				SWIFT_EMIT_LOC_STRINGS = YES;
				SWIFT_VERSION = 5.0;
				TARGETED_DEVICE_FAMILY = "1,2";
			};
			name = Release;
		};
		7A6323652C92EB3700519704 /* Debug */ = {
			isa = XCBuildConfiguration;
			buildSettings = {
				ASSETCATALOG_COMPILER_APPICON_NAME = AppIcon;
				ASSETCATALOG_COMPILER_GLOBAL_ACCENT_COLOR_NAME = AccentColor;
				CODE_SIGN_ENTITLEMENTS = NFCNDEFReader/NFCNDEFReader.entitlements;
				"CODE_SIGN_IDENTITY[sdk=iphoneos*]" = "iPhone Developer";
				CODE_SIGN_STYLE = Manual;
				CURRENT_PROJECT_VERSION = 1;
				DEVELOPMENT_TEAM = "";
				"DEVELOPMENT_TEAM[sdk=iphoneos*]" = 6WUSYJ6NKR;
				GENERATE_INFOPLIST_FILE = YES;
				INFOPLIST_FILE = NFCNDEFReader/Info.plist;
				INFOPLIST_KEY_UIApplicationSupportsIndirectInputEvents = YES;
				INFOPLIST_KEY_UILaunchStoryboardName = LaunchScreen;
				INFOPLIST_KEY_UIMainStoryboardFile = Main;
				INFOPLIST_KEY_UISupportedInterfaceOrientations_iPad = "UIInterfaceOrientationPortrait UIInterfaceOrientationPortraitUpsideDown UIInterfaceOrientationLandscapeLeft UIInterfaceOrientationLandscapeRight";
				INFOPLIST_KEY_UISupportedInterfaceOrientations_iPhone = "UIInterfaceOrientationPortrait UIInterfaceOrientationLandscapeLeft UIInterfaceOrientationLandscapeRight";
				LD_RUNPATH_SEARCH_PATHS = (
					"$(inherited)",
					"@executable_path/Frameworks",
				);
				MARKETING_VERSION = 1.0;
				PRODUCT_BUNDLE_IDENTIFIER = jp.co.mobileit.adp.nfcDemo;
				PRODUCT_NAME = "$(TARGET_NAME)";
				PROVISIONING_PROFILE_SPECIFIER = "";
				"PROVISIONING_PROFILE_SPECIFIER[sdk=iphoneos*]" = NfcDemoDevelopment;
				SWIFT_EMIT_LOC_STRINGS = YES;
				SWIFT_VERSION = 5.0;
				TARGETED_DEVICE_FAMILY = "1,2";
			};
			name = Debug;
		};
		7A6323662C92EB3700519704 /* Release */ = {
			isa = XCBuildConfiguration;
			buildSettings = {
				ASSETCATALOG_COMPILER_APPICON_NAME = AppIcon;
				ASSETCATALOG_COMPILER_GLOBAL_ACCENT_COLOR_NAME = AccentColor;
				CODE_SIGN_ENTITLEMENTS = NFCNDEFReader/NFCNDEFReader.entitlements;
				"CODE_SIGN_IDENTITY[sdk=iphoneos*]" = "iPhone Developer";
				CODE_SIGN_STYLE = Manual;
				CURRENT_PROJECT_VERSION = 1;
				DEVELOPMENT_TEAM = "";
				"DEVELOPMENT_TEAM[sdk=iphoneos*]" = 6WUSYJ6NKR;
				GENERATE_INFOPLIST_FILE = YES;
				INFOPLIST_FILE = NFCNDEFReader/Info.plist;
				INFOPLIST_KEY_UIApplicationSupportsIndirectInputEvents = YES;
				INFOPLIST_KEY_UILaunchStoryboardName = LaunchScreen;
				INFOPLIST_KEY_UIMainStoryboardFile = Main;
				INFOPLIST_KEY_UISupportedInterfaceOrientations_iPad = "UIInterfaceOrientationPortrait UIInterfaceOrientationPortraitUpsideDown UIInterfaceOrientationLandscapeLeft UIInterfaceOrientationLandscapeRight";
				INFOPLIST_KEY_UISupportedInterfaceOrientations_iPhone = "UIInterfaceOrientationPortrait UIInterfaceOrientationLandscapeLeft UIInterfaceOrientationLandscapeRight";
				LD_RUNPATH_SEARCH_PATHS = (
					"$(inherited)",
					"@executable_path/Frameworks",
				);
				MARKETING_VERSION = 1.0;
				PRODUCT_BUNDLE_IDENTIFIER = jp.co.mobileit.adp.nfcDemo;
				PRODUCT_NAME = "$(TARGET_NAME)";
				PROVISIONING_PROFILE_SPECIFIER = "";
				"PROVISIONING_PROFILE_SPECIFIER[sdk=iphoneos*]" = NfcDemoDevelopment;
				SWIFT_EMIT_LOC_STRINGS = YES;
				SWIFT_VERSION = 5.0;
				TARGETED_DEVICE_FAMILY = "1,2";
			};
			name = Release;
		};
		7A7B1ACE2CB773D700D0771C /* Debug */ = {
			isa = XCBuildConfiguration;
			buildSettings = {
				ASSETCATALOG_COMPILER_APPICON_NAME = AppIcon;
				ASSETCATALOG_COMPILER_GLOBAL_ACCENT_COLOR_NAME = AccentColor;
				CODE_SIGN_ENTITLEMENTS = NFCNDEFReaderSwiftUI/NFCNDEFReaderSwiftUI.entitlements;
				"CODE_SIGN_IDENTITY[sdk=iphoneos*]" = "iPhone Developer";
				CODE_SIGN_STYLE = Manual;
				CURRENT_PROJECT_VERSION = 1;
				DEVELOPMENT_ASSET_PATHS = "\"NFCNDEFReaderSwiftUI/Preview Content\"";
				DEVELOPMENT_TEAM = "";
				"DEVELOPMENT_TEAM[sdk=iphoneos*]" = 6WUSYJ6NKR;
				ENABLE_PREVIEWS = YES;
				GENERATE_INFOPLIST_FILE = YES;
				INFOPLIST_KEY_NFCReaderUsageDescription = Allow;
				INFOPLIST_KEY_UIApplicationSceneManifest_Generation = YES;
				INFOPLIST_KEY_UIApplicationSupportsIndirectInputEvents = YES;
				INFOPLIST_KEY_UILaunchScreen_Generation = YES;
				INFOPLIST_KEY_UISupportedInterfaceOrientations_iPad = "UIInterfaceOrientationPortrait UIInterfaceOrientationPortraitUpsideDown UIInterfaceOrientationLandscapeLeft UIInterfaceOrientationLandscapeRight";
				INFOPLIST_KEY_UISupportedInterfaceOrientations_iPhone = "UIInterfaceOrientationPortrait UIInterfaceOrientationLandscapeLeft UIInterfaceOrientationLandscapeRight";
				IPHONEOS_DEPLOYMENT_TARGET = 17.2;
				LD_RUNPATH_SEARCH_PATHS = (
					"$(inherited)",
					"@executable_path/Frameworks",
				);
				MARKETING_VERSION = 1.0;
				PRODUCT_BUNDLE_IDENTIFIER = jp.co.mobileit.adp.nfcDemo;
				PRODUCT_NAME = "$(TARGET_NAME)";
				PROVISIONING_PROFILE_SPECIFIER = "";
				"PROVISIONING_PROFILE_SPECIFIER[sdk=iphoneos*]" = NfcDemoDevelopment;
				SWIFT_EMIT_LOC_STRINGS = YES;
				SWIFT_VERSION = 5.0;
				TARGETED_DEVICE_FAMILY = "1,2";
			};
			name = Debug;
		};
		7A7B1ACF2CB773D700D0771C /* Release */ = {
			isa = XCBuildConfiguration;
			buildSettings = {
				ASSETCATALOG_COMPILER_APPICON_NAME = AppIcon;
				ASSETCATALOG_COMPILER_GLOBAL_ACCENT_COLOR_NAME = AccentColor;
				CODE_SIGN_ENTITLEMENTS = NFCNDEFReaderSwiftUI/NFCNDEFReaderSwiftUI.entitlements;
				"CODE_SIGN_IDENTITY[sdk=iphoneos*]" = "iPhone Developer";
				CODE_SIGN_STYLE = Manual;
				CURRENT_PROJECT_VERSION = 1;
				DEVELOPMENT_ASSET_PATHS = "\"NFCNDEFReaderSwiftUI/Preview Content\"";
				DEVELOPMENT_TEAM = "";
				"DEVELOPMENT_TEAM[sdk=iphoneos*]" = 6WUSYJ6NKR;
				ENABLE_PREVIEWS = YES;
				GENERATE_INFOPLIST_FILE = YES;
				INFOPLIST_KEY_NFCReaderUsageDescription = Allow;
				INFOPLIST_KEY_UIApplicationSceneManifest_Generation = YES;
				INFOPLIST_KEY_UIApplicationSupportsIndirectInputEvents = YES;
				INFOPLIST_KEY_UILaunchScreen_Generation = YES;
				INFOPLIST_KEY_UISupportedInterfaceOrientations_iPad = "UIInterfaceOrientationPortrait UIInterfaceOrientationPortraitUpsideDown UIInterfaceOrientationLandscapeLeft UIInterfaceOrientationLandscapeRight";
				INFOPLIST_KEY_UISupportedInterfaceOrientations_iPhone = "UIInterfaceOrientationPortrait UIInterfaceOrientationLandscapeLeft UIInterfaceOrientationLandscapeRight";
				IPHONEOS_DEPLOYMENT_TARGET = 17.2;
				LD_RUNPATH_SEARCH_PATHS = (
					"$(inherited)",
					"@executable_path/Frameworks",
				);
				MARKETING_VERSION = 1.0;
				PRODUCT_BUNDLE_IDENTIFIER = jp.co.mobileit.adp.nfcDemo;
				PRODUCT_NAME = "$(TARGET_NAME)";
				PROVISIONING_PROFILE_SPECIFIER = "";
				"PROVISIONING_PROFILE_SPECIFIER[sdk=iphoneos*]" = NfcDemoDevelopment;
				SWIFT_EMIT_LOC_STRINGS = YES;
				SWIFT_VERSION = 5.0;
				TARGETED_DEVICE_FAMILY = "1,2";
			};
			name = Release;
		};
/* End XCBuildConfiguration section */

/* Begin XCConfigurationList section */
		7A4DB0BC2C89824500DEEFB4 /* Build configuration list for PBXProject "ios-lib-nfc" */ = {
			isa = XCConfigurationList;
			buildConfigurations = (
				7A4DB0D42C89824500DEEFB4 /* Debug */,
				7A4DB0D52C89824500DEEFB4 /* Release */,
			);
			defaultConfigurationIsVisible = 0;
			defaultConfigurationName = Release;
		};
		7A4DB0D62C89824500DEEFB4 /* Build configuration list for PBXNativeTarget "ios-lib-nfc" */ = {
			isa = XCConfigurationList;
			buildConfigurations = (
				7A4DB0D72C89824500DEEFB4 /* Debug */,
				7A4DB0D82C89824500DEEFB4 /* Release */,
			);
			defaultConfigurationIsVisible = 0;
			defaultConfigurationName = Release;
		};
		7A63234C2C92EB1300519704 /* Build configuration list for PBXNativeTarget "NFCTagReader" */ = {
			isa = XCConfigurationList;
			buildConfigurations = (
				7A63234D2C92EB1300519704 /* Debug */,
				7A63234E2C92EB1300519704 /* Release */,
			);
			defaultConfigurationIsVisible = 0;
			defaultConfigurationName = Release;
		};
		7A6323642C92EB3700519704 /* Build configuration list for PBXNativeTarget "NFCNDEFReader" */ = {
			isa = XCConfigurationList;
			buildConfigurations = (
				7A6323652C92EB3700519704 /* Debug */,
				7A6323662C92EB3700519704 /* Release */,
			);
			defaultConfigurationIsVisible = 0;
			defaultConfigurationName = Release;
		};
		7A7B1AD02CB773D700D0771C /* Build configuration list for PBXNativeTarget "NFCNDEFReaderSwiftUI" */ = {
			isa = XCConfigurationList;
			buildConfigurations = (
				7A7B1ACE2CB773D700D0771C /* Debug */,
				7A7B1ACF2CB773D700D0771C /* Release */,
			);
			defaultConfigurationIsVisible = 0;
			defaultConfigurationName = Release;
		};
/* End XCConfigurationList section */
	};
	rootObject = 7A4DB0B92C89824500DEEFB4 /* Project object */;
}
